// !$*UTF8*$!
{
	archiveVersion = 1;
	classes = {
	};
	objectVersion = 50;
	objects = {

/* Begin PBXBuildFile section */
		50226EF426A4643800BD7607 /* VKLoginView.swift in Sources */ = {isa = PBXBuildFile; fileRef = 50226EF326A4643800BD7607 /* VKLoginView.swift */; };
		50226EF926A471F300BD7607 /* TabBarView.swift in Sources */ = {isa = PBXBuildFile; fileRef = 50226EF826A471F300BD7607 /* TabBarView.swift */; };
		50226EFE26A474F000BD7607 /* PlayerView.swift in Sources */ = {isa = PBXBuildFile; fileRef = 50226EFD26A474F000BD7607 /* PlayerView.swift */; };
		50226F0226A4751F00BD7607 /* VideoView.swift in Sources */ = {isa = PBXBuildFile; fileRef = 50226F0126A4751F00BD7607 /* VideoView.swift */; };
		50226F0526A4754F00BD7607 /* RecorderView.swift in Sources */ = {isa = PBXBuildFile; fileRef = 50226F0426A4754F00BD7607 /* RecorderView.swift */; };
		50226F0A26A476BD00BD7607 /* LearnSwiftUIView.swift in Sources */ = {isa = PBXBuildFile; fileRef = 50226F0926A476BD00BD7607 /* LearnSwiftUIView.swift */; };
		50707B922691B75900D55314 /* StarWarsCharactersApp.swift in Sources */ = {isa = PBXBuildFile; fileRef = 50707B912691B75900D55314 /* StarWarsCharactersApp.swift */; };
		50707B942691B75900D55314 /* СharactersView.swift in Sources */ = {isa = PBXBuildFile; fileRef = 50707B932691B75900D55314 /* СharactersView.swift */; };
		50707B962691B76500D55314 /* Assets.xcassets in Resources */ = {isa = PBXBuildFile; fileRef = 50707B952691B76500D55314 /* Assets.xcassets */; };
		50707B992691B76500D55314 /* Preview Assets.xcassets in Resources */ = {isa = PBXBuildFile; fileRef = 50707B982691B76500D55314 /* Preview Assets.xcassets */; };
		50707BA32691B9E600D55314 /* Character.swift in Sources */ = {isa = PBXBuildFile; fileRef = 50707BA22691B9E600D55314 /* Character.swift */; };
		50707BA82691BBDD00D55314 /* CharactersStorage.swift in Sources */ = {isa = PBXBuildFile; fileRef = 50707BA72691BBDD00D55314 /* CharactersStorage.swift */; };
		50707BAB2691C01E00D55314 /* ListRow.swift in Sources */ = {isa = PBXBuildFile; fileRef = 50707BAA2691C01E00D55314 /* ListRow.swift */; };
		50707BB02691D37900D55314 /* DetailCharacterView.swift in Sources */ = {isa = PBXBuildFile; fileRef = 50707BAF2691D37900D55314 /* DetailCharacterView.swift */; };
/* End PBXBuildFile section */

/* Begin PBXFileReference section */
		50226EF326A4643800BD7607 /* VKLoginView.swift */ = {isa = PBXFileReference; lastKnownFileType = sourcecode.swift; path = VKLoginView.swift; sourceTree = "<group>"; };
		50226EF826A471F300BD7607 /* TabBarView.swift */ = {isa = PBXFileReference; lastKnownFileType = sourcecode.swift; path = TabBarView.swift; sourceTree = "<group>"; };
		50226EFD26A474F000BD7607 /* PlayerView.swift */ = {isa = PBXFileReference; lastKnownFileType = sourcecode.swift; path = PlayerView.swift; sourceTree = "<group>"; };
		50226F0126A4751F00BD7607 /* VideoView.swift */ = {isa = PBXFileReference; lastKnownFileType = sourcecode.swift; path = VideoView.swift; sourceTree = "<group>"; };
		50226F0426A4754F00BD7607 /* RecorderView.swift */ = {isa = PBXFileReference; lastKnownFileType = sourcecode.swift; path = RecorderView.swift; sourceTree = "<group>"; };
		50226F0926A476BD00BD7607 /* LearnSwiftUIView.swift */ = {isa = PBXFileReference; lastKnownFileType = sourcecode.swift; path = LearnSwiftUIView.swift; sourceTree = "<group>"; };
		50707B8E2691B75900D55314 /* StarWarsCharacters.app */ = {isa = PBXFileReference; explicitFileType = wrapper.application; includeInIndex = 0; path = StarWarsCharacters.app; sourceTree = BUILT_PRODUCTS_DIR; };
		50707B912691B75900D55314 /* StarWarsCharactersApp.swift */ = {isa = PBXFileReference; lastKnownFileType = sourcecode.swift; path = StarWarsCharactersApp.swift; sourceTree = "<group>"; };
		50707B932691B75900D55314 /* СharactersView.swift */ = {isa = PBXFileReference; lastKnownFileType = sourcecode.swift; path = "СharactersView.swift"; sourceTree = "<group>"; };
		50707B952691B76500D55314 /* Assets.xcassets */ = {isa = PBXFileReference; lastKnownFileType = folder.assetcatalog; path = Assets.xcassets; sourceTree = "<group>"; };
		50707B982691B76500D55314 /* Preview Assets.xcassets */ = {isa = PBXFileReference; lastKnownFileType = folder.assetcatalog; path = "Preview Assets.xcassets"; sourceTree = "<group>"; };
		50707B9A2691B76500D55314 /* Info.plist */ = {isa = PBXFileReference; lastKnownFileType = text.plist.xml; path = Info.plist; sourceTree = "<group>"; };
		50707BA22691B9E600D55314 /* Character.swift */ = {isa = PBXFileReference; lastKnownFileType = sourcecode.swift; path = Character.swift; sourceTree = "<group>"; };
		50707BA72691BBDD00D55314 /* CharactersStorage.swift */ = {isa = PBXFileReference; lastKnownFileType = sourcecode.swift; path = CharactersStorage.swift; sourceTree = "<group>"; };
		50707BAA2691C01E00D55314 /* ListRow.swift */ = {isa = PBXFileReference; lastKnownFileType = sourcecode.swift; path = ListRow.swift; sourceTree = "<group>"; };
		50707BAF2691D37900D55314 /* DetailCharacterView.swift */ = {isa = PBXFileReference; lastKnownFileType = sourcecode.swift; path = DetailCharacterView.swift; sourceTree = "<group>"; };
/* End PBXFileReference section */

/* Begin PBXFrameworksBuildPhase section */
		50707B8B2691B75900D55314 /* Frameworks */ = {
			isa = PBXFrameworksBuildPhase;
			buildActionMask = 2147483647;
			files = (
			);
			runOnlyForDeploymentPostprocessing = 0;
		};
/* End PBXFrameworksBuildPhase section */

/* Begin PBXGroup section */
		50707B852691B75800D55314 = {
			isa = PBXGroup;
			children = (
				50707B902691B75900D55314 /* StarWarsCharacters */,
				50707B8F2691B75900D55314 /* Products */,
			);
			sourceTree = "<group>";
		};
		50707B8F2691B75900D55314 /* Products */ = {
			isa = PBXGroup;
			children = (
				50707B8E2691B75900D55314 /* StarWarsCharacters.app */,
			);
			name = Products;
			sourceTree = "<group>";
		};
		50707B902691B75900D55314 /* StarWarsCharacters */ = {
			isa = PBXGroup;
			children = (
				50707B912691B75900D55314 /* StarWarsCharactersApp.swift */,
				50226EF826A471F300BD7607 /* TabBarView.swift */,
				50226EF326A4643800BD7607 /* VKLoginView.swift */,
				50707BA22691B9E600D55314 /* Character.swift */,
				50707BA72691BBDD00D55314 /* CharactersStorage.swift */,
				50707B932691B75900D55314 /* СharactersView.swift */,
				50707BAA2691C01E00D55314 /* ListRow.swift */,
				50707BAF2691D37900D55314 /* DetailCharacterView.swift */,
				50226EFD26A474F000BD7607 /* PlayerView.swift */,
				50226F0126A4751F00BD7607 /* VideoView.swift */,
				50226F0426A4754F00BD7607 /* RecorderView.swift */,
				50226F0926A476BD00BD7607 /* LearnSwiftUIView.swift */,
				50707B952691B76500D55314 /* Assets.xcassets */,
				50707B9A2691B76500D55314 /* Info.plist */,
				50707B972691B76500D55314 /* Preview Content */,
			);
			path = StarWarsCharacters;
			sourceTree = "<group>";
		};
		50707B972691B76500D55314 /* Preview Content */ = {
			isa = PBXGroup;
			children = (
				50707B982691B76500D55314 /* Preview Assets.xcassets */,
			);
			path = "Preview Content";
			sourceTree = "<group>";
		};
/* End PBXGroup section */

/* Begin PBXNativeTarget section */
		50707B8D2691B75900D55314 /* StarWarsCharacters */ = {
			isa = PBXNativeTarget;
			buildConfigurationList = 50707B9D2691B76500D55314 /* Build configuration list for PBXNativeTarget "StarWarsCharacters" */;
			buildPhases = (
				50707B8A2691B75900D55314 /* Sources */,
				50707B8B2691B75900D55314 /* Frameworks */,
				50707B8C2691B75900D55314 /* Resources */,
			);
			buildRules = (
			);
			dependencies = (
			);
			name = StarWarsCharacters;
			productName = StarWarsCharacters;
			productReference = 50707B8E2691B75900D55314 /* StarWarsCharacters.app */;
			productType = "com.apple.product-type.application";
		};
/* End PBXNativeTarget section */

/* Begin PBXProject section */
		50707B862691B75800D55314 /* Project object */ = {
			isa = PBXProject;
			attributes = {
				LastSwiftUpdateCheck = 1220;
				LastUpgradeCheck = 1220;
				TargetAttributes = {
					50707B8D2691B75900D55314 = {
						CreatedOnToolsVersion = 12.2;
					};
				};
			};
			buildConfigurationList = 50707B892691B75800D55314 /* Build configuration list for PBXProject "StarWarsCharacters" */;
			compatibilityVersion = "Xcode 9.3";
			developmentRegion = en;
			hasScannedForEncodings = 0;
			knownRegions = (
				en,
				Base,
			);
			mainGroup = 50707B852691B75800D55314;
			productRefGroup = 50707B8F2691B75900D55314 /* Products */;
			projectDirPath = "";
			projectRoot = "";
			targets = (
				50707B8D2691B75900D55314 /* StarWarsCharacters */,
			);
		};
/* End PBXProject section */

/* Begin PBXResourcesBuildPhase section */
		50707B8C2691B75900D55314 /* Resources */ = {
			isa = PBXResourcesBuildPhase;
			buildActionMask = 2147483647;
			files = (
				50707B992691B76500D55314 /* Preview Assets.xcassets in Resources */,
				50707B962691B76500D55314 /* Assets.xcassets in Resources */,
			);
			runOnlyForDeploymentPostprocessing = 0;
		};
/* End PBXResourcesBuildPhase section */

/* Begin PBXSourcesBuildPhase section */
		50707B8A2691B75900D55314 /* Sources */ = {
			isa = PBXSourcesBuildPhase;
			buildActionMask = 2147483647;
			files = (
				50226EFE26A474F000BD7607 /* PlayerView.swift in Sources */,
				50226F0526A4754F00BD7607 /* RecorderView.swift in Sources */,
				50707BA32691B9E600D55314 /* Character.swift in Sources */,
				50707B942691B75900D55314 /* СharactersView.swift in Sources */,
				50226EF926A471F300BD7607 /* TabBarView.swift in Sources */,
				50226F0A26A476BD00BD7607 /* LearnSwiftUIView.swift in Sources */,
				50707B922691B75900D55314 /* StarWarsCharactersApp.swift in Sources */,
				50707BA82691BBDD00D55314 /* CharactersStorage.swift in Sources */,
				50226F0226A4751F00BD7607 /* VideoView.swift in Sources */,
				50707BAB2691C01E00D55314 /* ListRow.swift in Sources */,
				50226EF426A4643800BD7607 /* VKLoginView.swift in Sources */,
				50707BB02691D37900D55314 /* DetailCharacterView.swift in Sources */,
			);
			runOnlyForDeploymentPostprocessing = 0;
		};
/* End PBXSourcesBuildPhase section */

/* Begin XCBuildConfiguration section */
		50707B9B2691B76500D55314 /* Debug */ = {
			isa = XCBuildConfiguration;
			buildSettings = {
				ALWAYS_SEARCH_USER_PATHS = NO;
				CLANG_ANALYZER_NONNULL = YES;
				CLANG_ANALYZER_NUMBER_OBJECT_CONVERSION = YES_AGGRESSIVE;
				CLANG_CXX_LANGUAGE_STANDARD = "gnu++14";
				CLANG_CXX_LIBRARY = "libc++";
				CLANG_ENABLE_MODULES = YES;
				CLANG_ENABLE_OBJC_ARC = YES;
				CLANG_ENABLE_OBJC_WEAK = YES;
				CLANG_WARN_BLOCK_CAPTURE_AUTORELEASING = YES;
				CLANG_WARN_BOOL_CONVERSION = YES;
				CLANG_WARN_COMMA = YES;
				CLANG_WARN_CONSTANT_CONVERSION = YES;
				CLANG_WARN_DEPRECATED_OBJC_IMPLEMENTATIONS = YES;
				CLANG_WARN_DIRECT_OBJC_ISA_USAGE = YES_ERROR;
				CLANG_WARN_DOCUMENTATION_COMMENTS = YES;
				CLANG_WARN_EMPTY_BODY = YES;
				CLANG_WARN_ENUM_CONVERSION = YES;
				CLANG_WARN_INFINITE_RECURSION = YES;
				CLANG_WARN_INT_CONVERSION = YES;
				CLANG_WARN_NON_LITERAL_NULL_CONVERSION = YES;
				CLANG_WARN_OBJC_IMPLICIT_RETAIN_SELF = YES;
				CLANG_WARN_OBJC_LITERAL_CONVERSION = YES;
				CLANG_WARN_OBJC_ROOT_CLASS = YES_ERROR;
				CLANG_WARN_QUOTED_INCLUDE_IN_FRAMEWORK_HEADER = YES;
				CLANG_WARN_RANGE_LOOP_ANALYSIS = YES;
				CLANG_WARN_STRICT_PROTOTYPES = YES;
				CLANG_WARN_SUSPICIOUS_MOVE = YES;
				CLANG_WARN_UNGUARDED_AVAILABILITY = YES_AGGRESSIVE;
				CLANG_WARN_UNREACHABLE_CODE = YES;
				CLANG_WARN__DUPLICATE_METHOD_MATCH = YES;
				COPY_PHASE_STRIP = NO;
				DEBUG_INFORMATION_FORMAT = dwarf;
				ENABLE_STRICT_OBJC_MSGSEND = YES;
				ENABLE_TESTABILITY = YES;
				GCC_C_LANGUAGE_STANDARD = gnu11;
				GCC_DYNAMIC_NO_PIC = NO;
				GCC_NO_COMMON_BLOCKS = YES;
				GCC_OPTIMIZATION_LEVEL = 0;
				GCC_PREPROCESSOR_DEFINITIONS = (
					"DEBUG=1",
					"$(inherited)",
				);
				GCC_WARN_64_TO_32_BIT_CONVERSION = YES;
				GCC_WARN_ABOUT_RETURN_TYPE = YES_ERROR;
				GCC_WARN_UNDECLARED_SELECTOR = YES;
				GCC_WARN_UNINITIALIZED_AUTOS = YES_AGGRESSIVE;
				GCC_WARN_UNUSED_FUNCTION = YES;
				GCC_WARN_UNUSED_VARIABLE = YES;
				IPHONEOS_DEPLOYMENT_TARGET = 14.2;
				MTL_ENABLE_DEBUG_INFO = INCLUDE_SOURCE;
				MTL_FAST_MATH = YES;
				ONLY_ACTIVE_ARCH = YES;
				SDKROOT = iphoneos;
				SWIFT_ACTIVE_COMPILATION_CONDITIONS = DEBUG;
				SWIFT_OPTIMIZATION_LEVEL = "-Onone";
			};
			name = Debug;
		};
		50707B9C2691B76500D55314 /* Release */ = {
			isa = XCBuildConfiguration;
			buildSettings = {
				ALWAYS_SEARCH_USER_PATHS = NO;
				CLANG_ANALYZER_NONNULL = YES;
				CLANG_ANALYZER_NUMBER_OBJECT_CONVERSION = YES_AGGRESSIVE;
				CLANG_CXX_LANGUAGE_STANDARD = "gnu++14";
				CLANG_CXX_LIBRARY = "libc++";
				CLANG_ENABLE_MODULES = YES;
				CLANG_ENABLE_OBJC_ARC = YES;
				CLANG_ENABLE_OBJC_WEAK = YES;
				CLANG_WARN_BLOCK_CAPTURE_AUTORELEASING = YES;
				CLANG_WARN_BOOL_CONVERSION = YES;
				CLANG_WARN_COMMA = YES;
				CLANG_WARN_CONSTANT_CONVERSION = YES;
				CLANG_WARN_DEPRECATED_OBJC_IMPLEMENTATIONS = YES;
				CLANG_WARN_DIRECT_OBJC_ISA_USAGE = YES_ERROR;
				CLANG_WARN_DOCUMENTATION_COMMENTS = YES;
				CLANG_WARN_EMPTY_BODY = YES;
				CLANG_WARN_ENUM_CONVERSION = YES;
				CLANG_WARN_INFINITE_RECURSION = YES;
				CLANG_WARN_INT_CONVERSION = YES;
				CLANG_WARN_NON_LITERAL_NULL_CONVERSION = YES;
				CLANG_WARN_OBJC_IMPLICIT_RETAIN_SELF = YES;
				CLANG_WARN_OBJC_LITERAL_CONVERSION = YES;
				CLANG_WARN_OBJC_ROOT_CLASS = YES_ERROR;
				CLANG_WARN_QUOTED_INCLUDE_IN_FRAMEWORK_HEADER = YES;
				CLANG_WARN_RANGE_LOOP_ANALYSIS = YES;
				CLANG_WARN_STRICT_PROTOTYPES = YES;
				CLANG_WARN_SUSPICIOUS_MOVE = YES;
				CLANG_WARN_UNGUARDED_AVAILABILITY = YES_AGGRESSIVE;
				CLANG_WARN_UNREACHABLE_CODE = YES;
				CLANG_WARN__DUPLICATE_METHOD_MATCH = YES;
				COPY_PHASE_STRIP = NO;
				DEBUG_INFORMATION_FORMAT = "dwarf-with-dsym";
				ENABLE_NS_ASSERTIONS = NO;
				ENABLE_STRICT_OBJC_MSGSEND = YES;
				GCC_C_LANGUAGE_STANDARD = gnu11;
				GCC_NO_COMMON_BLOCKS = YES;
				GCC_WARN_64_TO_32_BIT_CONVERSION = YES;
				GCC_WARN_ABOUT_RETURN_TYPE = YES_ERROR;
				GCC_WARN_UNDECLARED_SELECTOR = YES;
				GCC_WARN_UNINITIALIZED_AUTOS = YES_AGGRESSIVE;
				GCC_WARN_UNUSED_FUNCTION = YES;
				GCC_WARN_UNUSED_VARIABLE = YES;
				IPHONEOS_DEPLOYMENT_TARGET = 14.2;
				MTL_ENABLE_DEBUG_INFO = NO;
				MTL_FAST_MATH = YES;
				SDKROOT = iphoneos;
				SWIFT_COMPILATION_MODE = wholemodule;
				SWIFT_OPTIMIZATION_LEVEL = "-O";
				VALIDATE_PRODUCT = YES;
			};
			name = Release;
		};
		50707B9E2691B76500D55314 /* Debug */ = {
			isa = XCBuildConfiguration;
			buildSettings = {
				ASSETCATALOG_COMPILER_APPICON_NAME = AppIcon;
				ASSETCATALOG_COMPILER_GLOBAL_ACCENT_COLOR_NAME = AccentColor;
				CODE_SIGN_STYLE = Automatic;
				DEVELOPMENT_ASSET_PATHS = "\"StarWarsCharacters/Preview Content\"";
				DEVELOPMENT_TEAM = S4VTW7X9U3;
				ENABLE_PREVIEWS = YES;
				INFOPLIST_FILE = StarWarsCharacters/Info.plist;
				IPHONEOS_DEPLOYMENT_TARGET = 14.0;
				LD_RUNPATH_SEARCH_PATHS = (
					"$(inherited)",
					"@executable_path/Frameworks",
				);
				PRODUCT_BUNDLE_IDENTIFIER = com.NikitinEgor.StarWarsCharacters;
				PRODUCT_NAME = "$(TARGET_NAME)";
				SWIFT_VERSION = 5.0;
				TARGETED_DEVICE_FAMILY = "1,2";
			};
			name = Debug;
		};
		50707B9F2691B76500D55314 /* Release */ = {
			isa = XCBuildConfiguration;
			buildSettings = {
				ASSETCATALOG_COMPILER_APPICON_NAME = AppIcon;
				ASSETCATALOG_COMPILER_GLOBAL_ACCENT_COLOR_NAME = AccentColor;
				CODE_SIGN_STYLE = Automatic;
				DEVELOPMENT_ASSET_PATHS = "\"StarWarsCharacters/Preview Content\"";
				DEVELOPMENT_TEAM = S4VTW7X9U3;
				ENABLE_PREVIEWS = YES;
				INFOPLIST_FILE = StarWarsCharacters/Info.plist;
				IPHONEOS_DEPLOYMENT_TARGET = 14.0;
				LD_RUNPATH_SEARCH_PATHS = (
					"$(inherited)",
					"@executable_path/Frameworks",
				);
				PRODUCT_BUNDLE_IDENTIFIER = com.NikitinEgor.StarWarsCharacters;
				PRODUCT_NAME = "$(TARGET_NAME)";
				SWIFT_VERSION = 5.0;
				TARGETED_DEVICE_FAMILY = "1,2";
			};
			name = Release;
		};
/* End XCBuildConfiguration section */

/* Begin XCConfigurationList section */
		50707B892691B75800D55314 /* Build configuration list for PBXProject "StarWarsCharacters" */ = {
			isa = XCConfigurationList;
			buildConfigurations = (
				50707B9B2691B76500D55314 /* Debug */,
				50707B9C2691B76500D55314 /* Release */,
			);
			defaultConfigurationIsVisible = 0;
			defaultConfigurationName = Release;
		};
		50707B9D2691B76500D55314 /* Build configuration list for PBXNativeTarget "StarWarsCharacters" */ = {
			isa = XCConfigurationList;
			buildConfigurations = (
				50707B9E2691B76500D55314 /* Debug */,
				50707B9F2691B76500D55314 /* Release */,
			);
			defaultConfigurationIsVisible = 0;
			defaultConfigurationName = Release;
		};
/* End XCConfigurationList section */
	};
	rootObject = 50707B862691B75800D55314 /* Project object */;
}
